
Microsoft Visual Studio Solution File, Format Version 12.00
# Visual Studio Version 16
VisualStudioVersion = 16.0.30413.136
MinimumVisualStudioVersion = 10.0.40219.1
Project("{FAE04EC0-301F-11D3-BF4B-00C04F79EFBC}") = "Task 3", "Task 3\Task 3.csproj", "{58B34CC3-9F7D-4CDF-A873-725D035466ED}"
EndProject
Global
	GlobalSection(SolutionConfigurationPlatforms) = preSolution
		Debug|Any CPU = Debug|Any CPU
		Release|Any CPU = Release|Any CPU
	EndGlobalSection
	GlobalSection(ProjectConfigurationPlatforms) = postSolution
		{58B34CC3-9F7D-4CDF-A873-725D035466ED}.Debug|Any CPU.ActiveCfg = Debug|Any CPU
		{58B34CC3-9F7D-4CDF-A873-725D035466ED}.Debug|Any CPU.Build.0 = Debug|Any CPU
		{58B34CC3-9F7D-4CDF-A873-725D035466ED}.Release|Any CPU.ActiveCfg = Release|Any CPU
		{58B34CC3-9F7D-4CDF-A873-725D035466ED}.Release|Any CPU.Build.0 = Release|Any CPU
	EndGlobalSection
	GlobalSection(SolutionProperties) = preSolution
		HideSolutionNode = FALSE
	EndGlobalSection
	GlobalSection(ExtensibilityGlobals) = postSolution
		SolutionGuid = {1C17EE87-B756-4F1A-AA05-7A148D2433DC}
	EndGlobalSection
EndGlobal
